
Microsoft Visual Studio Solution File, Format Version 12.00
# Visual Studio Version 17
VisualStudioVersion = 17.3.32922.545
MinimumVisualStudioVersion = 10.0.40219.1
Project("{FAE04EC0-301F-11D3-BF4B-00C04F79EFBC}") = "ShopOnline.Web", "ShopOnline.Web\ShopOnline.Web.csproj", "{53F79868-9FB2-4103-BD43-94B1A85FD302}"
EndProject
Project("{FAE04EC0-301F-11D3-BF4B-00C04F79EFBC}") = "ShopOnline.Api", "ShopOnline.Api\ShopOnline.Api.csproj", "{54A8FA52-E3F5-43B4-B170-4E5A91552451}"
EndProject
Global
	GlobalSection(SolutionConfigurationPlatforms) = preSolution
		Debug|Any CPU = Debug|Any CPU
		Release|Any CPU = Release|Any CPU
	EndGlobalSection
	GlobalSection(ProjectConfigurationPlatforms) = postSolution
		{53F79868-9FB2-4103-BD43-94B1A85FD302}.Debug|Any CPU.ActiveCfg = Debug|Any CPU
		{53F79868-9FB2-4103-BD43-94B1A85FD302}.Debug|Any CPU.Build.0 = Debug|Any CPU
		{53F79868-9FB2-4103-BD43-94B1A85FD302}.Release|Any CPU.ActiveCfg = Release|Any CPU
		{53F79868-9FB2-4103-BD43-94B1A85FD302}.Release|Any CPU.Build.0 = Release|Any CPU
		{54A8FA52-E3F5-43B4-B170-4E5A91552451}.Debug|Any CPU.ActiveCfg = Debug|Any CPU
		{54A8FA52-E3F5-43B4-B170-4E5A91552451}.Debug|Any CPU.Build.0 = Debug|Any CPU
		{54A8FA52-E3F5-43B4-B170-4E5A91552451}.Release|Any CPU.ActiveCfg = Release|Any CPU
		{54A8FA52-E3F5-43B4-B170-4E5A91552451}.Release|Any CPU.Build.0 = Release|Any CPU
	EndGlobalSection
	GlobalSection(SolutionProperties) = preSolution
		HideSolutionNode = FALSE
	EndGlobalSection
	GlobalSection(ExtensibilityGlobals) = postSolution
		SolutionGuid = {9EC8D4F4-9762-40D7-B824-39635B51115C}
	EndGlobalSection
EndGlobal
